{
  "name": "notifier-models",
  "version": "1.0.0",
  "lockfileVersion": 3,
  "requires": true,
  "packages": {
    "": {
      "name": "notifier-models",
      "version": "1.0.0",
      "license": "MIT",
      "dependencies": {
        "zod": "^3.20.6"
      }
    },
    "node_modules/zod": {
      "version": "3.20.6",
      "resolved": "https://registry.npmjs.org/zod/-/zod-3.20.6.tgz",
      "integrity": "sha512-oyu0m54SGCtzh6EClBVqDDlAYRz4jrVtKwQ7ZnsEmMI9HnzuZFj8QFwAY1M5uniIYACdGvv0PBWPF2kO0aNofA==",
      "funding": {
        "url": "https://github.com/sponsors/colinhacks"
      }
    }
  }
}
